
Microsoft Visual Studio Solution File, Format Version 12.00
# Visual Studio Version 16
VisualStudioVersion = 16.0.30523.141
MinimumVisualStudioVersion = 10.0.40219.1
Project("{FAE04EC0-301F-11D3-BF4B-00C04F79EFBC}") = "AmiIptvPlayer", "AmiIptvPlayer\AmiIptvPlayer.csproj", "{A661BA6C-A298-47C5-A5F0-DC994A3E8A8E}"
EndProject
Project("{9A19103F-16F7-4668-BE54-9A1E7A4F7556}") = "Mpv.NET", "Mpv.NET-lib-\src\Mpv.NET\Mpv.NET.csproj", "{5AB987D9-EFB8-44F2-AC9D-729628628D3B}"
EndProject
Global
	GlobalSection(SolutionConfigurationPlatforms) = preSolution
		Debug|Any CPU = Debug|Any CPU
		Release|Any CPU = Release|Any CPU
		ReleasePortable|Any CPU = ReleasePortable|Any CPU
	EndGlobalSection
	GlobalSection(ProjectConfigurationPlatforms) = postSolution
		{A661BA6C-A298-47C5-A5F0-DC994A3E8A8E}.Debug|Any CPU.ActiveCfg = Debug|Any CPU
		{A661BA6C-A298-47C5-A5F0-DC994A3E8A8E}.Debug|Any CPU.Build.0 = Debug|Any CPU
		{A661BA6C-A298-47C5-A5F0-DC994A3E8A8E}.Release|Any CPU.ActiveCfg = Release|Any CPU
		{A661BA6C-A298-47C5-A5F0-DC994A3E8A8E}.Release|Any CPU.Build.0 = Release|Any CPU
		{A661BA6C-A298-47C5-A5F0-DC994A3E8A8E}.ReleasePortable|Any CPU.ActiveCfg = ReleasePortable|Any CPU
		{A661BA6C-A298-47C5-A5F0-DC994A3E8A8E}.ReleasePortable|Any CPU.Build.0 = ReleasePortable|Any CPU
		{5AB987D9-EFB8-44F2-AC9D-729628628D3B}.Debug|Any CPU.ActiveCfg = Debug|Any CPU
		{5AB987D9-EFB8-44F2-AC9D-729628628D3B}.Debug|Any CPU.Build.0 = Debug|Any CPU
		{5AB987D9-EFB8-44F2-AC9D-729628628D3B}.Release|Any CPU.ActiveCfg = Release|Any CPU
		{5AB987D9-EFB8-44F2-AC9D-729628628D3B}.Release|Any CPU.Build.0 = Release|Any CPU
		{5AB987D9-EFB8-44F2-AC9D-729628628D3B}.ReleasePortable|Any CPU.ActiveCfg = ReleasePortable|Any CPU
		{5AB987D9-EFB8-44F2-AC9D-729628628D3B}.ReleasePortable|Any CPU.Build.0 = ReleasePortable|Any CPU
	EndGlobalSection
	GlobalSection(SolutionProperties) = preSolution
		HideSolutionNode = FALSE
	EndGlobalSection
	GlobalSection(ExtensibilityGlobals) = postSolution
		SolutionGuid = {101E5D76-C131-4E5F-92B8-50BFC6CF7A12}
	EndGlobalSection
EndGlobal
